
Microsoft Visual Studio Solution File, Format Version 12.00
# Visual Studio Version 16
VisualStudioVersion = 16.0.33423.256
MinimumVisualStudioVersion = 10.0.40219.1
Project("{FAE04EC0-301F-11D3-BF4B-00C04F79EFBC}") = "ITPCA Project1", "ITPCA Project1.csproj", "{26E76822-0B85-44D4-BBA8-47BFD469371B}"
EndProject
Global
	GlobalSection(SolutionConfigurationPlatforms) = preSolution
		Debug|Any CPU = Debug|Any CPU
		Release|Any CPU = Release|Any CPU
	EndGlobalSection
	GlobalSection(ProjectConfigurationPlatforms) = postSolution
		{26E76822-0B85-44D4-BBA8-47BFD469371B}.Debug|Any CPU.ActiveCfg = Debug|Any CPU
		{26E76822-0B85-44D4-BBA8-47BFD469371B}.Debug|Any CPU.Build.0 = Debug|Any CPU
		{26E76822-0B85-44D4-BBA8-47BFD469371B}.Release|Any CPU.ActiveCfg = Release|Any CPU
		{26E76822-0B85-44D4-BBA8-47BFD469371B}.Release|Any CPU.Build.0 = Release|Any CPU
	EndGlobalSection
	GlobalSection(SolutionProperties) = preSolution
		HideSolutionNode = FALSE
	EndGlobalSection
	GlobalSection(ExtensibilityGlobals) = postSolution
		SolutionGuid = {3E3A5D3E-B474-4B3C-890D-7FC603001DD3}
	EndGlobalSection
EndGlobal
